// !$*UTF8*$!
{
	archiveVersion = 1;
	classes = {
	};
	objectVersion = 46;
	objects = {

/* Begin PBXBuildFile section */
		7805AC061AF8525E00E9076D /* PageContentViewController.swift in Sources */ = {isa = PBXBuildFile; fileRef = 7805AC051AF8525E00E9076D /* PageContentViewController.swift */; };
		782195951AE2462E0018AC26 /* UserReposity.swift in Sources */ = {isa = PBXBuildFile; fileRef = 782195941AE2462E0018AC26 /* UserReposity.swift */; };
		782195971AE2463A0018AC26 /* LoginViewController.swift in Sources */ = {isa = PBXBuildFile; fileRef = 782195961AE2463A0018AC26 /* LoginViewController.swift */; };
		782195E51AE24AC80018AC26 /* SwiftyJSON.swift in Sources */ = {isa = PBXBuildFile; fileRef = 782195E41AE24AC80018AC26 /* SwiftyJSON.swift */; };
		78433E0D1AE4E86100D2E72F /* MainTabBarViewController.swift in Sources */ = {isa = PBXBuildFile; fileRef = 78433E0C1AE4E86100D2E72F /* MainTabBarViewController.swift */; };
		785104E71AF7734300CF79D1 /* TeacherMainActivityTableViewController.swift in Sources */ = {isa = PBXBuildFile; fileRef = 785104E61AF7734300CF79D1 /* TeacherMainActivityTableViewController.swift */; };
		7884EB841ADBA02500CC97F0 /* AppDelegate.swift in Sources */ = {isa = PBXBuildFile; fileRef = 7884EB831ADBA02500CC97F0 /* AppDelegate.swift */; };
		7884EB861ADBA02500CC97F0 /* ViewController.swift in Sources */ = {isa = PBXBuildFile; fileRef = 7884EB851ADBA02500CC97F0 /* ViewController.swift */; };
		7884EB8B1ADBA02500CC97F0 /* Images.xcassets in Resources */ = {isa = PBXBuildFile; fileRef = 7884EB8A1ADBA02500CC97F0 /* Images.xcassets */; };
		7884EB8E1ADBA02500CC97F0 /* LaunchScreen.xib in Resources */ = {isa = PBXBuildFile; fileRef = 7884EB8C1ADBA02500CC97F0 /* LaunchScreen.xib */; };
		7884EB9A1ADBA02500CC97F0 /* XHVolunteeriOSTests.swift in Sources */ = {isa = PBXBuildFile; fileRef = 7884EB991ADBA02500CC97F0 /* XHVolunteeriOSTests.swift */; };
		7884EBA51ADBC54D00CC97F0 /* Main.storyboard in Resources */ = {isa = PBXBuildFile; fileRef = 7884EBA31ADBC54D00CC97F0 /* Main.storyboard */; };
		78C37EC81AFAF69600C59556 /* PersonalInformationTableViewController.swift in Sources */ = {isa = PBXBuildFile; fileRef = 78C37EC71AFAF69600C59556 /* PersonalInformationTableViewController.swift */; };
		78C37ECA1AFAF6E500C59556 /* EditPersonalInformationTableViewController.swift in Sources */ = {isa = PBXBuildFile; fileRef = 78C37EC91AFAF6E500C59556 /* EditPersonalInformationTableViewController.swift */; };
		78C37ECE1AFB4AC900C59556 /* GetTeacherPerImfor.swift in Sources */ = {isa = PBXBuildFile; fileRef = 78C37ECD1AFB4AC900C59556 /* GetTeacherPerImfor.swift */; };
		78C37ED01AFB4C3A00C59556 /* EditTeaPerImfor.swift in Sources */ = {isa = PBXBuildFile; fileRef = 78C37ECF1AFB4C3A00C59556 /* EditTeaPerImfor.swift */; };
		78CC75A21ADE10A200CFC2CB /* IActivityReposity.swift in Sources */ = {isa = PBXBuildFile; fileRef = 78CC75A11ADE10A200CFC2CB /* IActivityReposity.swift */; };
		78CC75A41ADE4FA800CFC2CB /* IUserReposity.swift in Sources */ = {isa = PBXBuildFile; fileRef = 78CC75A31ADE4FA800CFC2CB /* IUserReposity.swift */; };
		78CC75A61ADE552500CFC2CB /* EditUserInfo.swift in Sources */ = {isa = PBXBuildFile; fileRef = 78CC75A51ADE552500CFC2CB /* EditUserInfo.swift */; };
		78CC75A81ADE563500CFC2CB /* GetUserInfo.swift in Sources */ = {isa = PBXBuildFile; fileRef = 78CC75A71ADE563500CFC2CB /* GetUserInfo.swift */; };
		78CC75AA1ADE5B3100CFC2CB /* Login.swift in Sources */ = {isa = PBXBuildFile; fileRef = 78CC75A91ADE5B3100CFC2CB /* Login.swift */; };
		78CC75AC1ADE640A00CFC2CB /* PullDown.swift in Sources */ = {isa = PBXBuildFile; fileRef = 78CC75AB1ADE640A00CFC2CB /* PullDown.swift */; };
		78CC75AE1ADE6A6500CFC2CB /* ScanCode.swift in Sources */ = {isa = PBXBuildFile; fileRef = 78CC75AD1ADE6A6500CFC2CB /* ScanCode.swift */; };
		78D8BAB41AE742D600CBBA9A /* PtrRequest.swift in Sources */ = {isa = PBXBuildFile; fileRef = 78D8BAB31AE742D600CBBA9A /* PtrRequest.swift */; };
		78D8BAB61AE75EC300CBBA9A /* PtrResponse.swift in Sources */ = {isa = PBXBuildFile; fileRef = 78D8BAB51AE75EC300CBBA9A /* PtrResponse.swift */; };
		78D8BAB81AE75F8B00CBBA9A /* UpdateType.swift in Sources */ = {isa = PBXBuildFile; fileRef = 78D8BAB71AE75F8B00CBBA9A /* UpdateType.swift */; };
		78D8BABA1AE7604900CBBA9A /* PtrUpdateData.swift in Sources */ = {isa = PBXBuildFile; fileRef = 78D8BAB91AE7604900CBBA9A /* PtrUpdateData.swift */; };
		78D8BABC1AE779AF00CBBA9A /* ActivityDB.swift in Sources */ = {isa = PBXBuildFile; fileRef = 78D8BABB1AE779AF00CBBA9A /* ActivityDB.swift */; };
		78DEC8501ADCBA9300AC1846 /* RecruitActivityTableViewController.swift in Sources */ = {isa = PBXBuildFile; fileRef = 78DEC84F1ADCBA9300AC1846 /* RecruitActivityTableViewController.swift */; };
		78DEC8521ADCBB5100AC1846 /* QRcodeViewController.swift in Sources */ = {isa = PBXBuildFile; fileRef = 78DEC8511ADCBB5100AC1846 /* QRcodeViewController.swift */; };
		78DEC8541ADCBC7C00AC1846 /* SettingTableViewController.swift in Sources */ = {isa = PBXBuildFile; fileRef = 78DEC8531ADCBC7C00AC1846 /* SettingTableViewController.swift */; };
		78DEC8561ADCBF8F00AC1846 /* MyActivityTableViewController.swift in Sources */ = {isa = PBXBuildFile; fileRef = 78DEC8551ADCBF8F00AC1846 /* MyActivityTableViewController.swift */; };
		78DEC85B1ADCEEB200AC1846 /* ActivityDetailTableViewController.swift in Sources */ = {isa = PBXBuildFile; fileRef = 78DEC85A1ADCEEB200AC1846 /* ActivityDetailTableViewController.swift */; };
		78DEC85D1ADCEF4A00AC1846 /* SettingEditTableViewController.swift in Sources */ = {isa = PBXBuildFile; fileRef = 78DEC85C1ADCEF4A00AC1846 /* SettingEditTableViewController.swift */; };
		78DEC85F1ADD0BBD00AC1846 /* ActivityInfo.swift in Sources */ = {isa = PBXBuildFile; fileRef = 78DEC85E1ADD0BBD00AC1846 /* ActivityInfo.swift */; };
		78F0E95F1AE1108300562E8D /* ActivityReposity.swift in Sources */ = {isa = PBXBuildFile; fileRef = 78F0E95E1AE1108300562E8D /* ActivityReposity.swift */; };
		78F663DB1AEDCA09004B12C1 /* ActivityCell.swift in Sources */ = {isa = PBXBuildFile; fileRef = 78F663DA1AEDCA09004B12C1 /* ActivityCell.swift */; };
		78F663DD1AEE2021004B12C1 /* ActivityDetailCell.swift in Sources */ = {isa = PBXBuildFile; fileRef = 78F663DC1AEE2021004B12C1 /* ActivityDetailCell.swift */; };
		78F663DF1AEF0DF1004B12C1 /* GetUserCell.swift in Sources */ = {isa = PBXBuildFile; fileRef = 78F663DE1AEF0DF1004B12C1 /* GetUserCell.swift */; };
		78F663E11AEF1883004B12C1 /* EditUserCell.swift in Sources */ = {isa = PBXBuildFile; fileRef = 78F663E01AEF1883004B12C1 /* EditUserCell.swift */; };
		78F663E31AEF7987004B12C1 /* UserIdentity.swift in Sources */ = {isa = PBXBuildFile; fileRef = 78F663E21AEF7987004B12C1 /* UserIdentity.swift */; };
		78F663E71AEF9211004B12C1 /* QRcodeShowViewController.swift in Sources */ = {isa = PBXBuildFile; fileRef = 78F663E61AEF9211004B12C1 /* QRcodeShowViewController.swift */; };
/* End PBXBuildFile section */

/* Begin PBXContainerItemProxy section */
		7884EB941ADBA02500CC97F0 /* PBXContainerItemProxy */ = {
			isa = PBXContainerItemProxy;
			containerPortal = 7884EB761ADBA02400CC97F0 /* Project object */;
			proxyType = 1;
			remoteGlobalIDString = 7884EB7D1ADBA02500CC97F0;
			remoteInfo = XHVolunteeriOS;
		};
/* End PBXContainerItemProxy section */

/* Begin PBXFileReference section */
		7805AC051AF8525E00E9076D /* PageContentViewController.swift */ = {isa = PBXFileReference; fileEncoding = 4; lastKnownFileType = sourcecode.swift; path = PageContentViewController.swift; sourceTree = "<group>"; };
		782195941AE2462E0018AC26 /* UserReposity.swift */ = {isa = PBXFileReference; fileEncoding = 4; lastKnownFileType = sourcecode.swift; path = UserReposity.swift; sourceTree = "<group>"; };
		782195961AE2463A0018AC26 /* LoginViewController.swift */ = {isa = PBXFileReference; fileEncoding = 4; lastKnownFileType = sourcecode.swift; path = LoginViewController.swift; sourceTree = "<group>"; };
		782195E41AE24AC80018AC26 /* SwiftyJSON.swift */ = {isa = PBXFileReference; fileEncoding = 4; lastKnownFileType = sourcecode.swift; name = SwiftyJSON.swift; path = ../SwiftyJSON.swift; sourceTree = "<group>"; };
		78433E0C1AE4E86100D2E72F /* MainTabBarViewController.swift */ = {isa = PBXFileReference; fileEncoding = 4; lastKnownFileType = sourcecode.swift; path = MainTabBarViewController.swift; sourceTree = "<group>"; };
		785104E61AF7734300CF79D1 /* TeacherMainActivityTableViewController.swift */ = {isa = PBXFileReference; fileEncoding = 4; lastKnownFileType = sourcecode.swift; path = TeacherMainActivityTableViewController.swift; sourceTree = "<group>"; };
		7884EB7E1ADBA02500CC97F0 /* XHVolunteeriOS.app */ = {isa = PBXFileReference; explicitFileType = wrapper.application; includeInIndex = 0; path = XHVolunteeriOS.app; sourceTree = BUILT_PRODUCTS_DIR; };
		7884EB821ADBA02500CC97F0 /* Info.plist */ = {isa = PBXFileReference; lastKnownFileType = text.plist.xml; path = Info.plist; sourceTree = "<group>"; };
		7884EB831ADBA02500CC97F0 /* AppDelegate.swift */ = {isa = PBXFileReference; lastKnownFileType = sourcecode.swift; path = AppDelegate.swift; sourceTree = "<group>"; };
		7884EB851ADBA02500CC97F0 /* ViewController.swift */ = {isa = PBXFileReference; lastKnownFileType = sourcecode.swift; path = ViewController.swift; sourceTree = "<group>"; };
		7884EB8A1ADBA02500CC97F0 /* Images.xcassets */ = {isa = PBXFileReference; lastKnownFileType = folder.assetcatalog; path = Images.xcassets; sourceTree = "<group>"; };
		7884EB8D1ADBA02500CC97F0 /* Base */ = {isa = PBXFileReference; lastKnownFileType = file.xib; name = Base; path = Base.lproj/LaunchScreen.xib; sourceTree = "<group>"; };
		7884EB931ADBA02500CC97F0 /* XHVolunteeriOSTests.xctest */ = {isa = PBXFileReference; explicitFileType = wrapper.cfbundle; includeInIndex = 0; path = XHVolunteeriOSTests.xctest; sourceTree = BUILT_PRODUCTS_DIR; };
		7884EB981ADBA02500CC97F0 /* Info.plist */ = {isa = PBXFileReference; lastKnownFileType = text.plist.xml; path = Info.plist; sourceTree = "<group>"; };
		7884EB991ADBA02500CC97F0 /* XHVolunteeriOSTests.swift */ = {isa = PBXFileReference; lastKnownFileType = sourcecode.swift; path = XHVolunteeriOSTests.swift; sourceTree = "<group>"; };
		7884EBA41ADBC54D00CC97F0 /* Base */ = {isa = PBXFileReference; lastKnownFileType = file.storyboard; name = Base; path = Base.lproj/Main.storyboard; sourceTree = "<group>"; };
		78C37EC71AFAF69600C59556 /* PersonalInformationTableViewController.swift */ = {isa = PBXFileReference; fileEncoding = 4; lastKnownFileType = sourcecode.swift; path = PersonalInformationTableViewController.swift; sourceTree = "<group>"; };
		78C37EC91AFAF6E500C59556 /* EditPersonalInformationTableViewController.swift */ = {isa = PBXFileReference; fileEncoding = 4; lastKnownFileType = sourcecode.swift; path = EditPersonalInformationTableViewController.swift; sourceTree = "<group>"; };
		78C37ECD1AFB4AC900C59556 /* GetTeacherPerImfor.swift */ = {isa = PBXFileReference; fileEncoding = 4; lastKnownFileType = sourcecode.swift; path = GetTeacherPerImfor.swift; sourceTree = "<group>"; };
		78C37ECF1AFB4C3A00C59556 /* EditTeaPerImfor.swift */ = {isa = PBXFileReference; fileEncoding = 4; lastKnownFileType = sourcecode.swift; path = EditTeaPerImfor.swift; sourceTree = "<group>"; };
		78CC75A11ADE10A200CFC2CB /* IActivityReposity.swift */ = {isa = PBXFileReference; fileEncoding = 4; lastKnownFileType = sourcecode.swift; path = IActivityReposity.swift; sourceTree = "<group>"; };
		78CC75A31ADE4FA800CFC2CB /* IUserReposity.swift */ = {isa = PBXFileReference; fileEncoding = 4; lastKnownFileType = sourcecode.swift; path = IUserReposity.swift; sourceTree = "<group>"; };
		78CC75A51ADE552500CFC2CB /* EditUserInfo.swift */ = {isa = PBXFileReference; fileEncoding = 4; lastKnownFileType = sourcecode.swift; path = EditUserInfo.swift; sourceTree = "<group>"; };
		78CC75A71ADE563500CFC2CB /* GetUserInfo.swift */ = {isa = PBXFileReference; fileEncoding = 4; lastKnownFileType = sourcecode.swift; path = GetUserInfo.swift; sourceTree = "<group>"; };
		78CC75A91ADE5B3100CFC2CB /* Login.swift */ = {isa = PBXFileReference; fileEncoding = 4; lastKnownFileType = sourcecode.swift; path = Login.swift; sourceTree = "<group>"; };
		78CC75AB1ADE640A00CFC2CB /* PullDown.swift */ = {isa = PBXFileReference; fileEncoding = 4; lastKnownFileType = sourcecode.swift; path = PullDown.swift; sourceTree = "<group>"; };
		78CC75AD1ADE6A6500CFC2CB /* ScanCode.swift */ = {isa = PBXFileReference; fileEncoding = 4; lastKnownFileType = sourcecode.swift; path = ScanCode.swift; sourceTree = "<group>"; };
		78D8BAB31AE742D600CBBA9A /* PtrRequest.swift */ = {isa = PBXFileReference; fileEncoding = 4; lastKnownFileType = sourcecode.swift; path = PtrRequest.swift; sourceTree = "<group>"; };
		78D8BAB51AE75EC300CBBA9A /* PtrResponse.swift */ = {isa = PBXFileReference; fileEncoding = 4; lastKnownFileType = sourcecode.swift; path = PtrResponse.swift; sourceTree = "<group>"; };
		78D8BAB71AE75F8B00CBBA9A /* UpdateType.swift */ = {isa = PBXFileReference; fileEncoding = 4; lastKnownFileType = sourcecode.swift; path = UpdateType.swift; sourceTree = "<group>"; };
		78D8BAB91AE7604900CBBA9A /* PtrUpdateData.swift */ = {isa = PBXFileReference; fileEncoding = 4; lastKnownFileType = sourcecode.swift; path = PtrUpdateData.swift; sourceTree = "<group>"; };
		78D8BABB1AE779AF00CBBA9A /* ActivityDB.swift */ = {isa = PBXFileReference; fileEncoding = 4; lastKnownFileType = sourcecode.swift; path = ActivityDB.swift; sourceTree = "<group>"; };
		78DEC84F1ADCBA9300AC1846 /* RecruitActivityTableViewController.swift */ = {isa = PBXFileReference; fileEncoding = 4; lastKnownFileType = sourcecode.swift; name = RecruitActivityTableViewController.swift; path = XHVolunteeriOS/RecruitActivityTableViewController.swift; sourceTree = "<group>"; };
		78DEC8511ADCBB5100AC1846 /* QRcodeViewController.swift */ = {isa = PBXFileReference; fileEncoding = 4; lastKnownFileType = sourcecode.swift; name = QRcodeViewController.swift; path = XHVolunteeriOS/QRcodeViewController.swift; sourceTree = "<group>"; };
		78DEC8531ADCBC7C00AC1846 /* SettingTableViewController.swift */ = {isa = PBXFileReference; fileEncoding = 4; lastKnownFileType = sourcecode.swift; name = SettingTableViewController.swift; path = XHVolunteeriOS/SettingTableViewController.swift; sourceTree = "<group>"; };
		78DEC8551ADCBF8F00AC1846 /* MyActivityTableViewController.swift */ = {isa = PBXFileReference; fileEncoding = 4; lastKnownFileType = sourcecode.swift; name = MyActivityTableViewController.swift; path = XHVolunteeriOS/MyActivityTableViewController.swift; sourceTree = "<group>"; };
		78DEC85A1ADCEEB200AC1846 /* ActivityDetailTableViewController.swift */ = {isa = PBXFileReference; fileEncoding = 4; lastKnownFileType = sourcecode.swift; path = ActivityDetailTableViewController.swift; sourceTree = "<group>"; };
		78DEC85C1ADCEF4A00AC1846 /* SettingEditTableViewController.swift */ = {isa = PBXFileReference; fileEncoding = 4; lastKnownFileType = sourcecode.swift; path = SettingEditTableViewController.swift; sourceTree = "<group>"; };
		78DEC85E1ADD0BBD00AC1846 /* ActivityInfo.swift */ = {isa = PBXFileReference; fileEncoding = 4; lastKnownFileType = sourcecode.swift; path = ActivityInfo.swift; sourceTree = "<group>"; };
		78F0E95E1AE1108300562E8D /* ActivityReposity.swift */ = {isa = PBXFileReference; fileEncoding = 4; lastKnownFileType = sourcecode.swift; path = ActivityReposity.swift; sourceTree = "<group>"; };
		78F663DA1AEDCA09004B12C1 /* ActivityCell.swift */ = {isa = PBXFileReference; fileEncoding = 4; lastKnownFileType = sourcecode.swift; name = ActivityCell.swift; path = XHVolunteeriOS/ActivityCell.swift; sourceTree = "<group>"; };
		78F663DC1AEE2021004B12C1 /* ActivityDetailCell.swift */ = {isa = PBXFileReference; fileEncoding = 4; lastKnownFileType = sourcecode.swift; name = ActivityDetailCell.swift; path = XHVolunteeriOS/ActivityDetailCell.swift; sourceTree = "<group>"; };
		78F663DE1AEF0DF1004B12C1 /* GetUserCell.swift */ = {isa = PBXFileReference; fileEncoding = 4; lastKnownFileType = sourcecode.swift; path = GetUserCell.swift; sourceTree = "<group>"; };
		78F663E01AEF1883004B12C1 /* EditUserCell.swift */ = {isa = PBXFileReference; fileEncoding = 4; lastKnownFileType = sourcecode.swift; path = EditUserCell.swift; sourceTree = "<group>"; };
		78F663E21AEF7987004B12C1 /* UserIdentity.swift */ = {isa = PBXFileReference; fileEncoding = 4; lastKnownFileType = sourcecode.swift; path = UserIdentity.swift; sourceTree = "<group>"; };
		78F663E61AEF9211004B12C1 /* QRcodeShowViewController.swift */ = {isa = PBXFileReference; fileEncoding = 4; lastKnownFileType = sourcecode.swift; path = QRcodeShowViewController.swift; sourceTree = "<group>"; };
/* End PBXFileReference section */

/* Begin PBXFrameworksBuildPhase section */
		7884EB7B1ADBA02500CC97F0 /* Frameworks */ = {
			isa = PBXFrameworksBuildPhase;
			buildActionMask = 2147483647;
			files = (
			);
			runOnlyForDeploymentPostprocessing = 0;
		};
		7884EB901ADBA02500CC97F0 /* Frameworks */ = {
			isa = PBXFrameworksBuildPhase;
			buildActionMask = 2147483647;
			files = (
			);
			runOnlyForDeploymentPostprocessing = 0;
		};
/* End PBXFrameworksBuildPhase section */

/* Begin PBXGroup section */
		7884EB751ADBA02400CC97F0 = {
			isa = PBXGroup;
			children = (
				78F0E95D1AE1104400562E8D /* NetMethod */,
				78CC75A01ADE0C5400CFC2CB /* Protocal */,
				78DEC8581ADCEDDB00AC1846 /* Model */,
				78DEC8591ADCEDE600AC1846 /* View */,
				78DEC8571ADCEDC600AC1846 /* Controller */,
				7884EB801ADBA02500CC97F0 /* XHVolunteeriOS */,
				7884EB961ADBA02500CC97F0 /* XHVolunteeriOSTests */,
				7884EB7F1ADBA02500CC97F0 /* Products */,
			);
			sourceTree = "<group>";
		};
		7884EB7F1ADBA02500CC97F0 /* Products */ = {
			isa = PBXGroup;
			children = (
				7884EB7E1ADBA02500CC97F0 /* XHVolunteeriOS.app */,
				7884EB931ADBA02500CC97F0 /* XHVolunteeriOSTests.xctest */,
			);
			name = Products;
			sourceTree = "<group>";
		};
		7884EB801ADBA02500CC97F0 /* XHVolunteeriOS */ = {
			isa = PBXGroup;
			children = (
				7884EB831ADBA02500CC97F0 /* AppDelegate.swift */,
				7884EB851ADBA02500CC97F0 /* ViewController.swift */,
				782195E41AE24AC80018AC26 /* SwiftyJSON.swift */,
				7884EB8A1ADBA02500CC97F0 /* Images.xcassets */,
				7884EBA31ADBC54D00CC97F0 /* Main.storyboard */,
				7884EB8C1ADBA02500CC97F0 /* LaunchScreen.xib */,
				7884EB811ADBA02500CC97F0 /* Supporting Files */,
			);
			path = XHVolunteeriOS;
			sourceTree = "<group>";
		};
		7884EB811ADBA02500CC97F0 /* Supporting Files */ = {
			isa = PBXGroup;
			children = (
				7884EB821ADBA02500CC97F0 /* Info.plist */,
			);
			name = "Supporting Files";
			sourceTree = "<group>";
		};
		7884EB961ADBA02500CC97F0 /* XHVolunteeriOSTests */ = {
			isa = PBXGroup;
			children = (
				7884EB991ADBA02500CC97F0 /* XHVolunteeriOSTests.swift */,
				7884EB971ADBA02500CC97F0 /* Supporting Files */,
			);
			path = XHVolunteeriOSTests;
			sourceTree = "<group>";
		};
		7884EB971ADBA02500CC97F0 /* Supporting Files */ = {
			isa = PBXGroup;
			children = (
				7884EB981ADBA02500CC97F0 /* Info.plist */,
			);
			name = "Supporting Files";
			sourceTree = "<group>";
		};
		78CC75A01ADE0C5400CFC2CB /* Protocal */ = {
			isa = PBXGroup;
			children = (
				78CC75A11ADE10A200CFC2CB /* IActivityReposity.swift */,
				78CC75A31ADE4FA800CFC2CB /* IUserReposity.swift */,
			);
			name = Protocal;
			sourceTree = "<group>";
		};
		78DEC8571ADCEDC600AC1846 /* Controller */ = {
			isa = PBXGroup;
			children = (
				78DEC84F1ADCBA9300AC1846 /* RecruitActivityTableViewController.swift */,
				78DEC8511ADCBB5100AC1846 /* QRcodeViewController.swift */,
				78DEC8551ADCBF8F00AC1846 /* MyActivityTableViewController.swift */,
				78DEC85A1ADCEEB200AC1846 /* ActivityDetailTableViewController.swift */,
				78DEC8531ADCBC7C00AC1846 /* SettingTableViewController.swift */,
				78DEC85C1ADCEF4A00AC1846 /* SettingEditTableViewController.swift */,
				782195961AE2463A0018AC26 /* LoginViewController.swift */,
				78433E0C1AE4E86100D2E72F /* MainTabBarViewController.swift */,
				78F663E61AEF9211004B12C1 /* QRcodeShowViewController.swift */,
				7805AC051AF8525E00E9076D /* PageContentViewController.swift */,
				785104E61AF7734300CF79D1 /* TeacherMainActivityTableViewController.swift */,
				78C37EC71AFAF69600C59556 /* PersonalInformationTableViewController.swift */,
				78C37EC91AFAF6E500C59556 /* EditPersonalInformationTableViewController.swift */,
			);
			name = Controller;
			sourceTree = "<group>";
		};
		78DEC8581ADCEDDB00AC1846 /* Model */ = {
			isa = PBXGroup;
			children = (
				78DEC85E1ADD0BBD00AC1846 /* ActivityInfo.swift */,
				78D8BABB1AE779AF00CBBA9A /* ActivityDB.swift */,
				78CC75A51ADE552500CFC2CB /* EditUserInfo.swift */,
				78CC75A71ADE563500CFC2CB /* GetUserInfo.swift */,
				78CC75A91ADE5B3100CFC2CB /* Login.swift */,
				78CC75AB1ADE640A00CFC2CB /* PullDown.swift */,
				78D8BAB31AE742D600CBBA9A /* PtrRequest.swift */,
				78D8BAB51AE75EC300CBBA9A /* PtrResponse.swift */,
				78CC75AD1ADE6A6500CFC2CB /* ScanCode.swift */,
				78D8BAB71AE75F8B00CBBA9A /* UpdateType.swift */,
				78D8BAB91AE7604900CBBA9A /* PtrUpdateData.swift */,
				78F663E21AEF7987004B12C1 /* UserIdentity.swift */,
			);
			name = Model;
			sourceTree = "<group>";
		};
		78DEC8591ADCEDE600AC1846 /* View */ = {
			isa = PBXGroup;
			children = (
				78F663DA1AEDCA09004B12C1 /* ActivityCell.swift */,
				78F663DC1AEE2021004B12C1 /* ActivityDetailCell.swift */,
				78F663DE1AEF0DF1004B12C1 /* GetUserCell.swift */,
				78F663E01AEF1883004B12C1 /* EditUserCell.swift */,
				78C37ECD1AFB4AC900C59556 /* GetTeacherPerImfor.swift */,
				78C37ECF1AFB4C3A00C59556 /* EditTeaPerImfor.swift */,
			);
			name = View;
			sourceTree = "<group>";
		};
		78F0E95D1AE1104400562E8D /* NetMethod */ = {
			isa = PBXGroup;
			children = (
				78F0E95E1AE1108300562E8D /* ActivityReposity.swift */,
				782195941AE2462E0018AC26 /* UserReposity.swift */,
			);
			name = NetMethod;
			sourceTree = "<group>";
		};
/* End PBXGroup section */

/* Begin PBXNativeTarget section */
		7884EB7D1ADBA02500CC97F0 /* XHVolunteeriOS */ = {
			isa = PBXNativeTarget;
			buildConfigurationList = 7884EB9D1ADBA02500CC97F0 /* Build configuration list for PBXNativeTarget "XHVolunteeriOS" */;
			buildPhases = (
				7884EB7A1ADBA02500CC97F0 /* Sources */,
				7884EB7B1ADBA02500CC97F0 /* Frameworks */,
				7884EB7C1ADBA02500CC97F0 /* Resources */,
			);
			buildRules = (
			);
			dependencies = (
			);
			name = XHVolunteeriOS;
			productName = XHVolunteeriOS;
			productReference = 7884EB7E1ADBA02500CC97F0 /* XHVolunteeriOS.app */;
			productType = "com.apple.product-type.application";
		};
		7884EB921ADBA02500CC97F0 /* XHVolunteeriOSTests */ = {
			isa = PBXNativeTarget;
			buildConfigurationList = 7884EBA01ADBA02500CC97F0 /* Build configuration list for PBXNativeTarget "XHVolunteeriOSTests" */;
			buildPhases = (
				7884EB8F1ADBA02500CC97F0 /* Sources */,
				7884EB901ADBA02500CC97F0 /* Frameworks */,
				7884EB911ADBA02500CC97F0 /* Resources */,
			);
			buildRules = (
			);
			dependencies = (
				7884EB951ADBA02500CC97F0 /* PBXTargetDependency */,
			);
			name = XHVolunteeriOSTests;
			productName = XHVolunteeriOSTests;
			productReference = 7884EB931ADBA02500CC97F0 /* XHVolunteeriOSTests.xctest */;
			productType = "com.apple.product-type.bundle.unit-test";
		};
/* End PBXNativeTarget section */

/* Begin PBXProject section */
		7884EB761ADBA02400CC97F0 /* Project object */ = {
			isa = PBXProject;
			attributes = {
				LastUpgradeCheck = 0620;
				ORGANIZATIONNAME = NineSoft;
				TargetAttributes = {
					7884EB7D1ADBA02500CC97F0 = {
						CreatedOnToolsVersion = 6.2;
					};
					7884EB921ADBA02500CC97F0 = {
						CreatedOnToolsVersion = 6.2;
						TestTargetID = 7884EB7D1ADBA02500CC97F0;
					};
				};
			};
			buildConfigurationList = 7884EB791ADBA02400CC97F0 /* Build configuration list for PBXProject "XHVolunteeriOS" */;
			compatibilityVersion = "Xcode 3.2";
			developmentRegion = English;
			hasScannedForEncodings = 0;
			knownRegions = (
				en,
				Base,
			);
			mainGroup = 7884EB751ADBA02400CC97F0;
			productRefGroup = 7884EB7F1ADBA02500CC97F0 /* Products */;
			projectDirPath = "";
			projectRoot = "";
			targets = (
				7884EB7D1ADBA02500CC97F0 /* XHVolunteeriOS */,
				7884EB921ADBA02500CC97F0 /* XHVolunteeriOSTests */,
			);
		};
/* End PBXProject section */

/* Begin PBXResourcesBuildPhase section */
		7884EB7C1ADBA02500CC97F0 /* Resources */ = {
			isa = PBXResourcesBuildPhase;
			buildActionMask = 2147483647;
			files = (
				7884EBA51ADBC54D00CC97F0 /* Main.storyboard in Resources */,
				7884EB8E1ADBA02500CC97F0 /* LaunchScreen.xib in Resources */,
				7884EB8B1ADBA02500CC97F0 /* Images.xcassets in Resources */,
			);
			runOnlyForDeploymentPostprocessing = 0;
		};
		7884EB911ADBA02500CC97F0 /* Resources */ = {
			isa = PBXResourcesBuildPhase;
			buildActionMask = 2147483647;
			files = (
			);
			runOnlyForDeploymentPostprocessing = 0;
		};
/* End PBXResourcesBuildPhase section */

/* Begin PBXSourcesBuildPhase section */
		7884EB7A1ADBA02500CC97F0 /* Sources */ = {
			isa = PBXSourcesBuildPhase;
			buildActionMask = 2147483647;
			files = (
				78CC75AE1ADE6A6500CFC2CB /* ScanCode.swift in Sources */,
				785104E71AF7734300CF79D1 /* TeacherMainActivityTableViewController.swift in Sources */,
				78DEC8501ADCBA9300AC1846 /* RecruitActivityTableViewController.swift in Sources */,
				7884EB861ADBA02500CC97F0 /* ViewController.swift in Sources */,
				78433E0D1AE4E86100D2E72F /* MainTabBarViewController.swift in Sources */,
				78D8BAB41AE742D600CBBA9A /* PtrRequest.swift in Sources */,
				78DEC85D1ADCEF4A00AC1846 /* SettingEditTableViewController.swift in Sources */,
				78C37ECE1AFB4AC900C59556 /* GetTeacherPerImfor.swift in Sources */,
				78DEC8561ADCBF8F00AC1846 /* MyActivityTableViewController.swift in Sources */,
				78DEC8521ADCBB5100AC1846 /* QRcodeViewController.swift in Sources */,
				78C37ED01AFB4C3A00C59556 /* EditTeaPerImfor.swift in Sources */,
				78D8BAB81AE75F8B00CBBA9A /* UpdateType.swift in Sources */,
				782195951AE2462E0018AC26 /* UserReposity.swift in Sources */,
				78DEC85B1ADCEEB200AC1846 /* ActivityDetailTableViewController.swift in Sources */,
				782195971AE2463A0018AC26 /* LoginViewController.swift in Sources */,
				78D8BABC1AE779AF00CBBA9A /* ActivityDB.swift in Sources */,
				78F663DB1AEDCA09004B12C1 /* ActivityCell.swift in Sources */,
				78D8BAB61AE75EC300CBBA9A /* PtrResponse.swift in Sources */,
				78CC75AA1ADE5B3100CFC2CB /* Login.swift in Sources */,
				78DEC85F1ADD0BBD00AC1846 /* ActivityInfo.swift in Sources */,
				7884EB841ADBA02500CC97F0 /* AppDelegate.swift in Sources */,
				78F663E31AEF7987004B12C1 /* UserIdentity.swift in Sources */,
				782195E51AE24AC80018AC26 /* SwiftyJSON.swift in Sources */,
				78F663DD1AEE2021004B12C1 /* ActivityDetailCell.swift in Sources */,
				78F663E11AEF1883004B12C1 /* EditUserCell.swift in Sources */,
				78DEC8541ADCBC7C00AC1846 /* SettingTableViewController.swift in Sources */,
				78F663E71AEF9211004B12C1 /* QRcodeShowViewController.swift in Sources */,
				78CC75A61ADE552500CFC2CB /* EditUserInfo.swift in Sources */,
				78C37ECA1AFAF6E500C59556 /* EditPersonalInformationTableViewController.swift in Sources */,
				78CC75A41ADE4FA800CFC2CB /* IUserReposity.swift in Sources */,
				78F663DF1AEF0DF1004B12C1 /* GetUserCell.swift in Sources */,
				7805AC061AF8525E00E9076D /* PageContentViewController.swift in Sources */,
				78CC75A21ADE10A200CFC2CB /* IActivityReposity.swift in Sources */,
				78F0E95F1AE1108300562E8D /* ActivityReposity.swift in Sources */,
				78C37EC81AFAF69600C59556 /* PersonalInformationTableViewController.swift in Sources */,
				78D8BABA1AE7604900CBBA9A /* PtrUpdateData.swift in Sources */,
				78CC75AC1ADE640A00CFC2CB /* PullDown.swift in Sources */,
				78CC75A81ADE563500CFC2CB /* GetUserInfo.swift in Sources */,
			);
			runOnlyForDeploymentPostprocessing = 0;
		};
		7884EB8F1ADBA02500CC97F0 /* Sources */ = {
			isa = PBXSourcesBuildPhase;
			buildActionMask = 2147483647;
			files = (
				7884EB9A1ADBA02500CC97F0 /* XHVolunteeriOSTests.swift in Sources */,
			);
			runOnlyForDeploymentPostprocessing = 0;
		};
/* End PBXSourcesBuildPhase section */

/* Begin PBXTargetDependency section */
		7884EB951ADBA02500CC97F0 /* PBXTargetDependency */ = {
			isa = PBXTargetDependency;
			target = 7884EB7D1ADBA02500CC97F0 /* XHVolunteeriOS */;
			targetProxy = 7884EB941ADBA02500CC97F0 /* PBXContainerItemProxy */;
		};
/* End PBXTargetDependency section */

/* Begin PBXVariantGroup section */
		7884EB8C1ADBA02500CC97F0 /* LaunchScreen.xib */ = {
			isa = PBXVariantGroup;
			children = (
				7884EB8D1ADBA02500CC97F0 /* Base */,
			);
			name = LaunchScreen.xib;
			sourceTree = "<group>";
		};
		7884EBA31ADBC54D00CC97F0 /* Main.storyboard */ = {
			isa = PBXVariantGroup;
			children = (
				7884EBA41ADBC54D00CC97F0 /* Base */,
			);
			name = Main.storyboard;
			sourceTree = "<group>";
		};
/* End PBXVariantGroup section */

/* Begin XCBuildConfiguration section */
		7884EB9B1ADBA02500CC97F0 /* Debug */ = {
			isa = XCBuildConfiguration;
			buildSettings = {
				ALWAYS_SEARCH_USER_PATHS = NO;
				CLANG_CXX_LANGUAGE_STANDARD = "gnu++0x";
				CLANG_CXX_LIBRARY = "libc++";
				CLANG_ENABLE_MODULES = YES;
				CLANG_ENABLE_OBJC_ARC = YES;
				CLANG_WARN_BOOL_CONVERSION = YES;
				CLANG_WARN_CONSTANT_CONVERSION = YES;
				CLANG_WARN_DIRECT_OBJC_ISA_USAGE = YES_ERROR;
				CLANG_WARN_EMPTY_BODY = YES;
				CLANG_WARN_ENUM_CONVERSION = YES;
				CLANG_WARN_INT_CONVERSION = YES;
				CLANG_WARN_OBJC_ROOT_CLASS = YES_ERROR;
				CLANG_WARN_UNREACHABLE_CODE = YES;
				CLANG_WARN__DUPLICATE_METHOD_MATCH = YES;
				"CODE_SIGN_IDENTITY[sdk=iphoneos*]" = "iPhone Developer";
				COPY_PHASE_STRIP = NO;
				ENABLE_STRICT_OBJC_MSGSEND = YES;
				GCC_C_LANGUAGE_STANDARD = gnu99;
				GCC_DYNAMIC_NO_PIC = NO;
				GCC_OPTIMIZATION_LEVEL = 0;
				GCC_PREPROCESSOR_DEFINITIONS = (
					"DEBUG=1",
					"$(inherited)",
				);
				GCC_SYMBOLS_PRIVATE_EXTERN = NO;
				GCC_WARN_64_TO_32_BIT_CONVERSION = YES;
				GCC_WARN_ABOUT_RETURN_TYPE = YES_ERROR;
				GCC_WARN_UNDECLARED_SELECTOR = YES;
				GCC_WARN_UNINITIALIZED_AUTOS = YES_AGGRESSIVE;
				GCC_WARN_UNUSED_FUNCTION = YES;
				GCC_WARN_UNUSED_VARIABLE = YES;
				IPHONEOS_DEPLOYMENT_TARGET = 8.2;
				MTL_ENABLE_DEBUG_INFO = YES;
				ONLY_ACTIVE_ARCH = YES;
				SDKROOT = iphoneos;
				SWIFT_OPTIMIZATION_LEVEL = "-Onone";
			};
			name = Debug;
		};
		7884EB9C1ADBA02500CC97F0 /* Release */ = {
			isa = XCBuildConfiguration;
			buildSettings = {
				ALWAYS_SEARCH_USER_PATHS = NO;
				CLANG_CXX_LANGUAGE_STANDARD = "gnu++0x";
				CLANG_CXX_LIBRARY = "libc++";
				CLANG_ENABLE_MODULES = YES;
				CLANG_ENABLE_OBJC_ARC = YES;
				CLANG_WARN_BOOL_CONVERSION = YES;
				CLANG_WARN_CONSTANT_CONVERSION = YES;
				CLANG_WARN_DIRECT_OBJC_ISA_USAGE = YES_ERROR;
				CLANG_WARN_EMPTY_BODY = YES;
				CLANG_WARN_ENUM_CONVERSION = YES;
				CLANG_WARN_INT_CONVERSION = YES;
				CLANG_WARN_OBJC_ROOT_CLASS = YES_ERROR;
				CLANG_WARN_UNREACHABLE_CODE = YES;
				CLANG_WARN__DUPLICATE_METHOD_MATCH = YES;
				"CODE_SIGN_IDENTITY[sdk=iphoneos*]" = "iPhone Developer";
				COPY_PHASE_STRIP = NO;
				ENABLE_NS_ASSERTIONS = NO;
				ENABLE_STRICT_OBJC_MSGSEND = YES;
				GCC_C_LANGUAGE_STANDARD = gnu99;
				GCC_WARN_64_TO_32_BIT_CONVERSION = YES;
				GCC_WARN_ABOUT_RETURN_TYPE = YES_ERROR;
				GCC_WARN_UNDECLARED_SELECTOR = YES;
				GCC_WARN_UNINITIALIZED_AUTOS = YES_AGGRESSIVE;
				GCC_WARN_UNUSED_FUNCTION = YES;
				GCC_WARN_UNUSED_VARIABLE = YES;
				IPHONEOS_DEPLOYMENT_TARGET = 8.2;
				MTL_ENABLE_DEBUG_INFO = NO;
				SDKROOT = iphoneos;
				VALIDATE_PRODUCT = YES;
			};
			name = Release;
		};
		7884EB9E1ADBA02500CC97F0 /* Debug */ = {
			isa = XCBuildConfiguration;
			buildSettings = {
				ASSETCATALOG_COMPILER_APPICON_NAME = AppIcon;
				INFOPLIST_FILE = XHVolunteeriOS/Info.plist;
				LD_RUNPATH_SEARCH_PATHS = "$(inherited) @executable_path/Frameworks";
				PRODUCT_NAME = "$(TARGET_NAME)";
			};
			name = Debug;
		};
		7884EB9F1ADBA02500CC97F0 /* Release */ = {
			isa = XCBuildConfiguration;
			buildSettings = {
				ASSETCATALOG_COMPILER_APPICON_NAME = AppIcon;
				INFOPLIST_FILE = XHVolunteeriOS/Info.plist;
				LD_RUNPATH_SEARCH_PATHS = "$(inherited) @executable_path/Frameworks";
				PRODUCT_NAME = "$(TARGET_NAME)";
			};
			name = Release;
		};
		7884EBA11ADBA02500CC97F0 /* Debug */ = {
			isa = XCBuildConfiguration;
			buildSettings = {
				BUNDLE_LOADER = "$(TEST_HOST)";
				FRAMEWORK_SEARCH_PATHS = (
					"$(SDKROOT)/Developer/Library/Frameworks",
					"$(inherited)",
				);
				GCC_PREPROCESSOR_DEFINITIONS = (
					"DEBUG=1",
					"$(inherited)",
				);
				INFOPLIST_FILE = XHVolunteeriOSTests/Info.plist;
				LD_RUNPATH_SEARCH_PATHS = "$(inherited) @executable_path/Frameworks @loader_path/Frameworks";
				PRODUCT_NAME = "$(TARGET_NAME)";
				TEST_HOST = "$(BUILT_PRODUCTS_DIR)/XHVolunteeriOS.app/XHVolunteeriOS";
			};
			name = Debug;
		};
		7884EBA21ADBA02500CC97F0 /* Release */ = {
			isa = XCBuildConfiguration;
			buildSettings = {
				BUNDLE_LOADER = "$(TEST_HOST)";
				FRAMEWORK_SEARCH_PATHS = (
					"$(SDKROOT)/Developer/Library/Frameworks",
					"$(inherited)",
				);
				INFOPLIST_FILE = XHVolunteeriOSTests/Info.plist;
				LD_RUNPATH_SEARCH_PATHS = "$(inherited) @executable_path/Frameworks @loader_path/Frameworks";
				PRODUCT_NAME = "$(TARGET_NAME)";
				TEST_HOST = "$(BUILT_PRODUCTS_DIR)/XHVolunteeriOS.app/XHVolunteeriOS";
			};
			name = Release;
		};
/* End XCBuildConfiguration section */

/* Begin XCConfigurationList section */
		7884EB791ADBA02400CC97F0 /* Build configuration list for PBXProject "XHVolunteeriOS" */ = {
			isa = XCConfigurationList;
			buildConfigurations = (
				7884EB9B1ADBA02500CC97F0 /* Debug */,
				7884EB9C1ADBA02500CC97F0 /* Release */,
			);
			defaultConfigurationIsVisible = 0;
			defaultConfigurationName = Release;
		};
		7884EB9D1ADBA02500CC97F0 /* Build configuration list for PBXNativeTarget "XHVolunteeriOS" */ = {
			isa = XCConfigurationList;
			buildConfigurations = (
				7884EB9E1ADBA02500CC97F0 /* Debug */,
				7884EB9F1ADBA02500CC97F0 /* Release */,
			);
			defaultConfigurationIsVisible = 0;
			defaultConfigurationName = Release;
		};
		7884EBA01ADBA02500CC97F0 /* Build configuration list for PBXNativeTarget "XHVolunteeriOSTests" */ = {
			isa = XCConfigurationList;
			buildConfigurations = (
				7884EBA11ADBA02500CC97F0 /* Debug */,
				7884EBA21ADBA02500CC97F0 /* Release */,
			);
			defaultConfigurationIsVisible = 0;
			defaultConfigurationName = Release;
		};
/* End XCConfigurationList section */
	};
	rootObject = 7884EB761ADBA02400CC97F0 /* Project object */;
}
